{
  "name": "node",
  "lockfileVersion": 2,
  "requires": true,
  "packages": {
    "": {
      "dependencies": {
        "jschardet": "^3.0.0"
      }
    },
    "node_modules/jschardet": {
      "version": "3.0.0",
      "resolved": "https://registry.npmjs.org/jschardet/-/jschardet-3.0.0.tgz",
      "integrity": "sha512-lJH6tJ77V8Nzd5QWRkFYCLc13a3vADkh3r/Fi8HupZGWk2OVVDfnZP8V/VgQgZ+lzW0kG2UGb5hFgt3V3ndotQ==",
      "engines": {
        "node": ">=0.1.90"
      }
    }
  },
  "dependencies": {
    "jschardet": {
      "version": "3.0.0",
      "resolved": "https://registry.npmjs.org/jschardet/-/jschardet-3.0.0.tgz",
      "integrity": "sha512-lJH6tJ77V8Nzd5QWRkFYCLc13a3vADkh3r/Fi8HupZGWk2OVVDfnZP8V/VgQgZ+lzW0kG2UGb5hFgt3V3ndotQ=="
    }
  }
}
